
Microsoft Visual Studio Solution File, Format Version 12.00
# Visual Studio Version 16
VisualStudioVersion = 16.0.31424.327
MinimumVisualStudioVersion = 10.0.40219.1
Project("{9A19103F-16F7-4668-BE54-9A1E7A4F7556}") = "SocialTechies_BlazorWebApp", "SocialTechies_BlazorWebApp.csproj", "{B31E408B-363A-4975-850A-0651FB2D698D}"
EndProject
Global
	GlobalSection(SolutionConfigurationPlatforms) = preSolution
		Debug|Any CPU = Debug|Any CPU
		Release|Any CPU = Release|Any CPU
	EndGlobalSection
	GlobalSection(ProjectConfigurationPlatforms) = postSolution
		{B31E408B-363A-4975-850A-0651FB2D698D}.Debug|Any CPU.ActiveCfg = Debug|Any CPU
		{B31E408B-363A-4975-850A-0651FB2D698D}.Debug|Any CPU.Build.0 = Debug|Any CPU
		{B31E408B-363A-4975-850A-0651FB2D698D}.Release|Any CPU.ActiveCfg = Release|Any CPU
		{B31E408B-363A-4975-850A-0651FB2D698D}.Release|Any CPU.Build.0 = Release|Any CPU
	EndGlobalSection
	GlobalSection(SolutionProperties) = preSolution
		HideSolutionNode = FALSE
	EndGlobalSection
	GlobalSection(ExtensibilityGlobals) = postSolution
		SolutionGuid = {50BB7B2C-990D-4298-A940-43506F4032E8}
	EndGlobalSection
EndGlobal
